{
  "version": 4,
  "terraform_version": "1.5.4",
  "serial": 837,
  "lineage": "32e6479e-f26e-4715-82ae-2104add80671",
  "outputs": {},
  "resources": [
    {
      "mode": "managed",
      "type": "google_sql_database_instance",
      "name": "notes_sql_database",
      "provider": "provider[\"registry.terraform.io/hashicorp/google\"]",
      "instances": [
        {
          "schema_version": 0,
          "attributes": {
            "available_maintenance_versions": [],
            "clone": [],
            "connection_name": "golden-index-410209:europe-west1:notes-sql-database",
            "database_version": "MYSQL_8_0",
            "deletion_protection": true,
            "dns_name": "",
            "encryption_key_name": null,
            "first_ip_address": "35.195.169.112",
            "id": "notes-sql-database",
            "instance_type": "CLOUD_SQL_INSTANCE",
            "ip_address": [
              {
                "ip_address": "35.195.169.112",
                "time_to_retire": "",
                "type": "PRIMARY"
              }
            ],
            "maintenance_version": "MYSQL_8_0_31.R20231105.01_03",
            "master_instance_name": "",
            "name": "notes-sql-database",
            "private_ip_address": "",
            "project": "golden-index-410209",
            "psc_service_attachment_link": "",
            "public_ip_address": "35.195.169.112",
            "region": "europe-west1",
            "replica_configuration": [],
            "restore_backup_context": [],
            "root_password": null,
            "self_link": "https://sqladmin.googleapis.com/sql/v1beta4/projects/golden-index-410209/instances/notes-sql-database",
            "server_ca_cert": [
              {
                "cert": "-----BEGIN CERTIFICATE-----\nMIIDfzCCAmegAwIBAgIBADANBgkqhkiG9w0BAQsFADB3MS0wKwYDVQQuEyQ0ZjBh\nNDMyNS0yZTQzLTRhMGYtODViMC0wNTM5NDcxZGU1YjUxIzAhBgNVBAMTGkdvb2ds\nZSBDbG91ZCBTUUwgU2VydmVyIENBMRQwEgYDVQQKEwtHb29nbGUsIEluYzELMAkG\nA1UEBhMCVVMwHhcNMjQwMTEzMTQ0MjQ0WhcNMzQwMTEwMTQ0MzQ0WjB3MS0wKwYD\nVQQuEyQ0ZjBhNDMyNS0yZTQzLTRhMGYtODViMC0wNTM5NDcxZGU1YjUxIzAhBgNV\nBAMTGkdvb2dsZSBDbG91ZCBTUUwgU2VydmVyIENBMRQwEgYDVQQKEwtHb29nbGUs\nIEluYzELMAkGA1UEBhMCVVMwggEiMA0GCSqGSIb3DQEBAQUAA4IBDwAwggEKAoIB\nAQDoy+tfULTAb6eIpssHCHdAw36Tv2OZg7DxeRgj4PdZ/M/RYS9ujO2fuWxI2znQ\nzFVDCQ9+q6oicbb5HuOHvC8E8RMndJa9551rhffEI+0Z7pD/qgpWALsowTNYUbzL\nUetHnnItHOUSUStIohgGTN8Ge4BZvepZAPXRW1ey/Y12v1y/miEMRBiOjWoqLUtP\ngJXq9xcgco7+5l+FOWYJb45/aM/YtzlwvNHtHXBw/NjSOhL3Y7DaHhaZWqaiRk2G\ne4a7Pz2mQsquF+O3gSDW3aLMXNerD3MGaZwmWEO9BjYmiHS4ziGkaUTRIXMD+QO1\njgeHog1nSsSf8rJRie8ZGGXBAgMBAAGjFjAUMBIGA1UdEwEB/wQIMAYBAf8CAQAw\nDQYJKoZIhvcNAQELBQADggEBAMbCQIWTFuSYXuGBLsSEIvtgU4p0NKBnb0uuNxOr\nd414Mzn1ipQ9rB+UVvkwXNC6Dj1Hxd4t5eCqs7tgMdS3EVlj2qOrz0hYX6Oo1EwN\nN2Gft0E3SDCkkcuzaaK+oVrpVZsoZHmJqvpxj84+0jQRFLjyVh198n1HSbwQUFQ/\nTVjreCB8piXh/cdlHatHzKxuTNaggkRFYj+VDd0VmNe1+SlgAywtBifVCCMC44Q5\n3ufvc1LtgTMBTlbdmKPQuj0BemeDsl0NrWSpqKMdZYV7lMq89FSVZ57Lvjs/M50N\n2lSLSSs7nL0BUq2SoEsuTHevz2VC8ERnuWKoBqTISfv6s1U=\n-----END CERTIFICATE-----",
                "common_name": "C=US,O=Google\\, Inc,CN=Google Cloud SQL Server CA,dnQualifier=4f0a4325-2e43-4a0f-85b0-0539471de5b5",
                "create_time": "2024-01-13T14:42:44.076Z",
                "expiration_time": "2034-01-10T14:43:44.076Z",
                "sha1_fingerprint": "4752f7b797b66a7be68f667fc7b0c023856adff4"
              }
            ],
            "service_account_email_address": "p545866246045-cjn6b5@gcp-sa-cloud-sql.iam.gserviceaccount.com",
            "settings": [
              {
                "activation_policy": "ALWAYS",
                "active_directory_config": [],
                "advanced_machine_features": [],
                "availability_type": "ZONAL",
                "backup_configuration": [
                  {
                    "backup_retention_settings": [
                      {
                        "retained_backups": 7,
                        "retention_unit": "COUNT"
                      }
                    ],
                    "binary_log_enabled": false,
                    "enabled": false,
                    "location": "",
                    "point_in_time_recovery_enabled": false,
                    "start_time": "13:00",
                    "transaction_log_retention_days": 7
                  }
                ],
                "collation": "",
                "connector_enforcement": "NOT_REQUIRED",
                "data_cache_config": [],
                "database_flags": [
                  {
                    "name": "cloudsql_iam_authentication",
                    "value": "on"
                  }
                ],
                "deletion_protection_enabled": false,
                "deny_maintenance_period": [],
                "disk_autoresize": true,
                "disk_autoresize_limit": 0,
                "disk_size": 10,
                "disk_type": "PD_SSD",
                "edition": "ENTERPRISE",
                "insights_config": [],
                "ip_configuration": [
                  {
                    "allocated_ip_range": "",
                    "authorized_networks": [],
                    "enable_private_path_for_google_cloud_services": false,
                    "ipv4_enabled": true,
                    "private_network": "",
                    "psc_config": [],
                    "require_ssl": false,
                    "ssl_mode": ""
                  }
                ],
                "location_preference": [
                  {
                    "follow_gae_application": "",
                    "secondary_zone": "",
                    "zone": "europe-west1-d"
                  }
                ],
                "maintenance_window": [],
                "password_validation_policy": [],
                "pricing_plan": "PER_USE",
                "sql_server_audit_config": [],
                "tier": "db-f1-micro",
                "time_zone": "",
                "user_labels": {},
                "version": 37
              }
            ],
            "timeouts": null
          },
          "sensitive_attributes": [],
          "private": "eyJlMmJmYjczMC1lY2FhLTExZTYtOGY4OC0zNDM2M2JjN2M0YzAiOnsiY3JlYXRlIjoyNDAwMDAwMDAwMDAwLCJkZWxldGUiOjE4MDAwMDAwMDAwMDAsInVwZGF0ZSI6MTgwMDAwMDAwMDAwMH19"
        }
      ]
    },
    {
      "mode": "managed",
      "type": "google_storage_bucket",
      "name": "image_notes_bucket",
      "provider": "provider[\"registry.terraform.io/hashicorp/google\"]",
      "instances": [
        {
          "schema_version": 1,
          "attributes": {
            "autoclass": [],
            "cors": [],
            "custom_placement_config": [],
            "default_event_based_hold": false,
            "effective_labels": {},
            "enable_object_retention": false,
            "encryption": [],
            "force_destroy": false,
            "id": "image_notes_bucket",
            "labels": {},
            "lifecycle_rule": [],
            "location": "EUROPE-WEST1",
            "logging": [],
            "name": "image_notes_bucket",
            "project": "golden-index-410209",
            "public_access_prevention": "inherited",
            "requester_pays": false,
            "retention_policy": [],
            "rpo": null,
            "self_link": "https://www.googleapis.com/storage/v1/b/image_notes_bucket",
            "storage_class": "STANDARD",
            "terraform_labels": {},
            "timeouts": null,
            "uniform_bucket_level_access": false,
            "url": "gs://image_notes_bucket",
            "versioning": [],
            "website": []
          },
          "sensitive_attributes": [],
          "private": "eyJlMmJmYjczMC1lY2FhLTExZTYtOGY4OC0zNDM2M2JjN2M0YzAiOnsiY3JlYXRlIjo2MDAwMDAwMDAwMDAsInJlYWQiOjI0MDAwMDAwMDAwMCwidXBkYXRlIjoyNDAwMDAwMDAwMDB9LCJzY2hlbWFfdmVyc2lvbiI6IjEifQ=="
        }
      ]
    }
  ],
  "check_results": null
}
